
Microsoft Visual Studio Solution File, Format Version 12.00
# Visual Studio Version 17
VisualStudioVersion = 17.12.35521.163
MinimumVisualStudioVersion = 10.0.40219.1
Project("{FAE04EC0-301F-11D3-BF4B-00C04F79EFBC}") = "GrokkingAlgorithms.BinarySearch", "GrokkingAlgorithms.BinarySearch\GrokkingAlgorithms.BinarySearch.csproj", "{A1D16B78-E5E4-48D1-BBD7-898668227707}"
EndProject
Project("{FAE04EC0-301F-11D3-BF4B-00C04F79EFBC}") = "GrokkingAlgorithms.BinarySearch.Tests", "Tests\GrokkingAlgorithms.BinarySearch.Tests\GrokkingAlgorithms.BinarySearch.Tests.csproj", "{E0B9EB7F-4857-4FF7-85ED-B961DDD8EDB4}"
	ProjectSection(ProjectDependencies) = postProject
		{A1D16B78-E5E4-48D1-BBD7-898668227707} = {A1D16B78-E5E4-48D1-BBD7-898668227707}
	EndProjectSection
EndProject
Project("{2150E333-8FDC-42A3-9474-1A3956D46DE8}") = "01 - Binary Search", "01 - Binary Search", "{D713B314-FA56-4FB6-95CB-D17DBAAC5FEB}"
EndProject
Global
	GlobalSection(SolutionConfigurationPlatforms) = preSolution
		Debug|Any CPU = Debug|Any CPU
		Release|Any CPU = Release|Any CPU
	EndGlobalSection
	GlobalSection(ProjectConfigurationPlatforms) = postSolution
		{A1D16B78-E5E4-48D1-BBD7-898668227707}.Debug|Any CPU.ActiveCfg = Debug|Any CPU
		{A1D16B78-E5E4-48D1-BBD7-898668227707}.Debug|Any CPU.Build.0 = Debug|Any CPU
		{A1D16B78-E5E4-48D1-BBD7-898668227707}.Release|Any CPU.ActiveCfg = Release|Any CPU
		{A1D16B78-E5E4-48D1-BBD7-898668227707}.Release|Any CPU.Build.0 = Release|Any CPU
		{E0B9EB7F-4857-4FF7-85ED-B961DDD8EDB4}.Debug|Any CPU.ActiveCfg = Debug|Any CPU
		{E0B9EB7F-4857-4FF7-85ED-B961DDD8EDB4}.Debug|Any CPU.Build.0 = Debug|Any CPU
		{E0B9EB7F-4857-4FF7-85ED-B961DDD8EDB4}.Release|Any CPU.ActiveCfg = Release|Any CPU
		{E0B9EB7F-4857-4FF7-85ED-B961DDD8EDB4}.Release|Any CPU.Build.0 = Release|Any CPU
	EndGlobalSection
	GlobalSection(SolutionProperties) = preSolution
		HideSolutionNode = FALSE
	EndGlobalSection
	GlobalSection(NestedProjects) = preSolution
		{A1D16B78-E5E4-48D1-BBD7-898668227707} = {D713B314-FA56-4FB6-95CB-D17DBAAC5FEB}
		{E0B9EB7F-4857-4FF7-85ED-B961DDD8EDB4} = {D713B314-FA56-4FB6-95CB-D17DBAAC5FEB}
	EndGlobalSection
EndGlobal
